// !$*UTF8*$!
{
	archiveVersion = 1;
	classes = {
	};
	objectVersion = 46;
	objects = {

/* Begin PBXBuildFile section */
		07C9EB21E4E4CD15774D2C45 /* Pods_CoInQ.framework in Frameworks */ = {isa = PBXBuildFile; fileRef = 66E544807D9724A13524E43A /* Pods_CoInQ.framework */; };
		A504D1D81F0E8DD000C88D32 /* libsqlite3.tbd in Frameworks */ = {isa = PBXBuildFile; fileRef = A504D1D71F0E8DD000C88D32 /* libsqlite3.tbd */; };
		A51A8E021EB82E4400344F61 /* CSCL.swift in Sources */ = {isa = PBXBuildFile; fileRef = A51A8E011EB82E4400344F61 /* CSCL.swift */; };
		A521ECF41ED6C96D0074327B /* AudioToolbox.framework in Frameworks */ = {isa = PBXBuildFile; fileRef = A521ECF31ED6C96D0074327B /* AudioToolbox.framework */; };
		A537AD0F1EC5A26100B70596 /* Main.storyboard in Resources */ = {isa = PBXBuildFile; fileRef = A537AD0D1EC5A26100B70596 /* Main.storyboard */; };
		A537AD111EC5B5BF00B70596 /* VideoTaskViewController.swift in Sources */ = {isa = PBXBuildFile; fileRef = A537AD101EC5B5BF00B70596 /* VideoTaskViewController.swift */; };
		A537AD131EC6EB1300B70596 /* ProjectViewController.swift in Sources */ = {isa = PBXBuildFile; fileRef = A537AD121EC6EB1300B70596 /* ProjectViewController.swift */; };
		A537AD151EC6EB6700B70596 /* InvitaionViewController.swift in Sources */ = {isa = PBXBuildFile; fileRef = A537AD141EC6EB6700B70596 /* InvitaionViewController.swift */; };
		A537AD171EC6EC2200B70596 /* CompeleteViewController.swift in Sources */ = {isa = PBXBuildFile; fileRef = A537AD161EC6EC2200B70596 /* CompeleteViewController.swift */; };
		A537AD191EC6F8C100B70596 /* SelectVideoUpload_One_Two.swift in Sources */ = {isa = PBXBuildFile; fileRef = A537AD181EC6F8C100B70596 /* SelectVideoUpload_One_Two.swift */; };
		A537AD1B1EC6FA5100B70596 /* SelectVideoUpload_Three_Four.swift in Sources */ = {isa = PBXBuildFile; fileRef = A537AD1A1EC6FA5000B70596 /* SelectVideoUpload_Three_Four.swift */; };
		A537AD1D1EC6FA7000B70596 /* SelectVideoUpload_Five_Six.swift in Sources */ = {isa = PBXBuildFile; fileRef = A537AD1C1EC6FA7000B70596 /* SelectVideoUpload_Five_Six.swift */; };
		A537AD1F1EC6FB3B00B70596 /* SelectVideoUpload_Seven_Eight.swift in Sources */ = {isa = PBXBuildFile; fileRef = A537AD1E1EC6FB3B00B70596 /* SelectVideoUpload_Seven_Eight.swift */; };
		A537AD211EC6FB7C00B70596 /* SelectVideoUpload_Nine.swift in Sources */ = {isa = PBXBuildFile; fileRef = A537AD201EC6FB7C00B70596 /* SelectVideoUpload_Nine.swift */; };
		A5458D271EA3ED8F00B1E26A /* AppDelegate.swift in Sources */ = {isa = PBXBuildFile; fileRef = A5458D261EA3ED8F00B1E26A /* AppDelegate.swift */; };
		A5458D2E1EA3ED8F00B1E26A /* Assets.xcassets in Resources */ = {isa = PBXBuildFile; fileRef = A5458D2D1EA3ED8F00B1E26A /* Assets.xcassets */; };
		A5458D311EA3ED8F00B1E26A /* LaunchScreen.storyboard in Resources */ = {isa = PBXBuildFile; fileRef = A5458D2F1EA3ED8F00B1E26A /* LaunchScreen.storyboard */; };
		A5458D3C1EA3ED8F00B1E26A /* CoInQTests.swift in Sources */ = {isa = PBXBuildFile; fileRef = A5458D3B1EA3ED8F00B1E26A /* CoInQTests.swift */; };
		A5458D471EA3ED8F00B1E26A /* CoInQUITests.swift in Sources */ = {isa = PBXBuildFile; fileRef = A5458D461EA3ED8F00B1E26A /* CoInQUITests.swift */; };
		A54EE1601EAF703A0014994C /* GoogleService-Info.plist in Resources */ = {isa = PBXBuildFile; fileRef = A54EE15F1EAF703A0014994C /* GoogleService-Info.plist */; };
		A54EE1631EAF87E50014994C /* Podfile in Resources */ = {isa = PBXBuildFile; fileRef = A54EE1621EAF87E50014994C /* Podfile */; };
		A54EE1651EB1CE760014994C /* SignInViewController.swift in Sources */ = {isa = PBXBuildFile; fileRef = A54EE1641EB1CE760014994C /* SignInViewController.swift */; };
		A54EE1681EB1F15C0014994C /* StoreKit.framework in Frameworks */ = {isa = PBXBuildFile; fileRef = A54EE1671EB1F15C0014994C /* StoreKit.framework */; };
		A54EE16A1EB1F16C0014994C /* SystemConfiguration.framework in Frameworks */ = {isa = PBXBuildFile; fileRef = A54EE1691EB1F16C0014994C /* SystemConfiguration.framework */; };
		A54EE16C1EB1F17A0014994C /* AddressBook.framework in Frameworks */ = {isa = PBXBuildFile; fileRef = A54EE16B1EB1F17A0014994C /* AddressBook.framework */; };
		A55C4877204FE78D0034D7EF /* SearchUser.swift in Sources */ = {isa = PBXBuildFile; fileRef = A55C4876204FE78D0034D7EF /* SearchUser.swift */; };
		A55C4879204FF2640034D7EF /* TableView_cellsearchuser.swift in Sources */ = {isa = PBXBuildFile; fileRef = A55C4878204FF2640034D7EF /* TableView_cellsearchuser.swift */; };
		A55C487B205AC8D80034D7EF /* TableView_cellcooperate.swift in Sources */ = {isa = PBXBuildFile; fileRef = A55C487A205AC8D70034D7EF /* TableView_cellcooperate.swift */; };
		A56FF5E21F1B68BB00B072D5 /* TableView_cellvideotask.swift in Sources */ = {isa = PBXBuildFile; fileRef = A56FF5E11F1B68BA00B072D5 /* TableView_cellvideotask.swift */; };
		A58BC404207963D100C39615 /* AudioRecorderViewController.swift in Sources */ = {isa = PBXBuildFile; fileRef = A58BC402207963D100C39615 /* AudioRecorderViewController.swift */; };
		A58BC40720799EED00C39615 /* AudioRecorderViewController.xib in Resources */ = {isa = PBXBuildFile; fileRef = A58BC403207963D100C39615 /* AudioRecorderViewController.xib */; };
		A59FA4B01F6101990049EACD /* Helper_VC.swift in Sources */ = {isa = PBXBuildFile; fileRef = A59FA4AF1F6101990049EACD /* Helper_VC.swift */; };
		A5A8963C1FFC8482006E85F4 /* TableNavigationController.swift in Sources */ = {isa = PBXBuildFile; fileRef = A5A8963B1FFC8482006E85F4 /* TableNavigationController.swift */; };
		A5A8FFF11FE7A06100B1F958 /* CollectingStage.swift in Sources */ = {isa = PBXBuildFile; fileRef = A5A8FFF01FE7A06100B1F958 /* CollectingStage.swift */; };
		A5C945A41FFF7EAF001062FC /* TableViewCell_clip.swift in Sources */ = {isa = PBXBuildFile; fileRef = A5C945A21FFF7EAF001062FC /* TableViewCell_clip.swift */; };
		A5C945A51FFF7EAF001062FC /* TableViewCell_clip.xib in Resources */ = {isa = PBXBuildFile; fileRef = A5C945A31FFF7EAF001062FC /* TableViewCell_clip.xib */; };
		A5DE8D232085BCCD00DBCE0F /* sb1img.png in Resources */ = {isa = PBXBuildFile; fileRef = A5DE8D212085BCCD00DBCE0F /* sb1img.png */; };
		A5DE8D242085BCCD00DBCE0F /* sb2img.png in Resources */ = {isa = PBXBuildFile; fileRef = A5DE8D222085BCCD00DBCE0F /* sb2img.png */; };
		A5DF4CC12060F4BB00975A3E /* TableViewCell_invite.swift in Sources */ = {isa = PBXBuildFile; fileRef = A5DF4CBF2060F4BA00975A3E /* TableViewCell_invite.swift */; };
		A5DF4CC22060F4BB00975A3E /* TableViewCell_invite.xib in Resources */ = {isa = PBXBuildFile; fileRef = A5DF4CC02060F4BB00975A3E /* TableViewCell_invite.xib */; };
		A5E263111F1F473B00D1783D /* CoInQDataModel.xcdatamodeld in Sources */ = {isa = PBXBuildFile; fileRef = A5E2630F1F1F473A00D1783D /* CoInQDataModel.xcdatamodeld */; };
		A5E263131F1F533A00D1783D /* TableView_cellcompletevideo.swift in Sources */ = {isa = PBXBuildFile; fileRef = A5E263121F1F533A00D1783D /* TableView_cellcompletevideo.swift */; };
/* End PBXBuildFile section */

/* Begin PBXContainerItemProxy section */
		A5458D381EA3ED8F00B1E26A /* PBXContainerItemProxy */ = {
			isa = PBXContainerItemProxy;
			containerPortal = A5458D1B1EA3ED8E00B1E26A /* Project object */;
			proxyType = 1;
			remoteGlobalIDString = A5458D221EA3ED8E00B1E26A;
			remoteInfo = CoInQ;
		};
		A5458D431EA3ED8F00B1E26A /* PBXContainerItemProxy */ = {
			isa = PBXContainerItemProxy;
			containerPortal = A5458D1B1EA3ED8E00B1E26A /* Project object */;
			proxyType = 1;
			remoteGlobalIDString = A5458D221EA3ED8E00B1E26A;
			remoteInfo = CoInQ;
		};
/* End PBXContainerItemProxy section */

/* Begin PBXFileReference section */
		66E544807D9724A13524E43A /* Pods_CoInQ.framework */ = {isa = PBXFileReference; explicitFileType = wrapper.framework; includeInIndex = 0; path = Pods_CoInQ.framework; sourceTree = BUILT_PRODUCTS_DIR; };
		79EC62984D5899DDF4022D5C /* Pods-CoInQ.debug.xcconfig */ = {isa = PBXFileReference; includeInIndex = 1; lastKnownFileType = text.xcconfig; name = "Pods-CoInQ.debug.xcconfig"; path = "Pods/Target Support Files/Pods-CoInQ/Pods-CoInQ.debug.xcconfig"; sourceTree = "<group>"; };
		A504D1D71F0E8DD000C88D32 /* libsqlite3.tbd */ = {isa = PBXFileReference; lastKnownFileType = "sourcecode.text-based-dylib-definition"; name = libsqlite3.tbd; path = usr/lib/libsqlite3.tbd; sourceTree = SDKROOT; };
		A51A8E011EB82E4400344F61 /* CSCL.swift */ = {isa = PBXFileReference; fileEncoding = 4; lastKnownFileType = sourcecode.swift; path = CSCL.swift; sourceTree = "<group>"; };
		A521ECF31ED6C96D0074327B /* AudioToolbox.framework */ = {isa = PBXFileReference; lastKnownFileType = wrapper.framework; name = AudioToolbox.framework; path = System/Library/Frameworks/AudioToolbox.framework; sourceTree = SDKROOT; };
		A537AD0E1EC5A26100B70596 /* Base */ = {isa = PBXFileReference; lastKnownFileType = file.storyboard; name = Base; path = Base.lproj/Main.storyboard; sourceTree = "<group>"; };
		A537AD101EC5B5BF00B70596 /* VideoTaskViewController.swift */ = {isa = PBXFileReference; fileEncoding = 4; lastKnownFileType = sourcecode.swift; path = VideoTaskViewController.swift; sourceTree = "<group>"; };
		A537AD121EC6EB1300B70596 /* ProjectViewController.swift */ = {isa = PBXFileReference; fileEncoding = 4; lastKnownFileType = sourcecode.swift; path = ProjectViewController.swift; sourceTree = "<group>"; };
		A537AD141EC6EB6700B70596 /* InvitaionViewController.swift */ = {isa = PBXFileReference; fileEncoding = 4; lastKnownFileType = sourcecode.swift; path = InvitaionViewController.swift; sourceTree = "<group>"; };
		A537AD161EC6EC2200B70596 /* CompeleteViewController.swift */ = {isa = PBXFileReference; fileEncoding = 4; lastKnownFileType = sourcecode.swift; path = CompeleteViewController.swift; sourceTree = "<group>"; };
		A537AD181EC6F8C100B70596 /* SelectVideoUpload_One_Two.swift */ = {isa = PBXFileReference; fileEncoding = 4; lastKnownFileType = sourcecode.swift; path = SelectVideoUpload_One_Two.swift; sourceTree = "<group>"; };
		A537AD1A1EC6FA5000B70596 /* SelectVideoUpload_Three_Four.swift */ = {isa = PBXFileReference; fileEncoding = 4; lastKnownFileType = sourcecode.swift; path = SelectVideoUpload_Three_Four.swift; sourceTree = "<group>"; };
		A537AD1C1EC6FA7000B70596 /* SelectVideoUpload_Five_Six.swift */ = {isa = PBXFileReference; fileEncoding = 4; lastKnownFileType = sourcecode.swift; path = SelectVideoUpload_Five_Six.swift; sourceTree = "<group>"; };
		A537AD1E1EC6FB3B00B70596 /* SelectVideoUpload_Seven_Eight.swift */ = {isa = PBXFileReference; fileEncoding = 4; lastKnownFileType = sourcecode.swift; path = SelectVideoUpload_Seven_Eight.swift; sourceTree = "<group>"; };
		A537AD201EC6FB7C00B70596 /* SelectVideoUpload_Nine.swift */ = {isa = PBXFileReference; fileEncoding = 4; lastKnownFileType = sourcecode.swift; path = SelectVideoUpload_Nine.swift; sourceTree = "<group>"; };
		A5458D231EA3ED8E00B1E26A /* CoInQ.app */ = {isa = PBXFileReference; explicitFileType = wrapper.application; includeInIndex = 0; path = CoInQ.app; sourceTree = BUILT_PRODUCTS_DIR; };
		A5458D261EA3ED8F00B1E26A /* AppDelegate.swift */ = {isa = PBXFileReference; lastKnownFileType = sourcecode.swift; path = AppDelegate.swift; sourceTree = "<group>"; };
		A5458D2D1EA3ED8F00B1E26A /* Assets.xcassets */ = {isa = PBXFileReference; lastKnownFileType = folder.assetcatalog; path = Assets.xcassets; sourceTree = "<group>"; };
		A5458D301EA3ED8F00B1E26A /* Base */ = {isa = PBXFileReference; lastKnownFileType = file.storyboard; name = Base; path = Base.lproj/LaunchScreen.storyboard; sourceTree = "<group>"; };
		A5458D321EA3ED8F00B1E26A /* Info.plist */ = {isa = PBXFileReference; lastKnownFileType = text.plist.xml; path = Info.plist; sourceTree = "<group>"; };
		A5458D371EA3ED8F00B1E26A /* CoInQTests.xctest */ = {isa = PBXFileReference; explicitFileType = wrapper.cfbundle; includeInIndex = 0; path = CoInQTests.xctest; sourceTree = BUILT_PRODUCTS_DIR; };
		A5458D3B1EA3ED8F00B1E26A /* CoInQTests.swift */ = {isa = PBXFileReference; lastKnownFileType = sourcecode.swift; path = CoInQTests.swift; sourceTree = "<group>"; };
		A5458D3D1EA3ED8F00B1E26A /* Info.plist */ = {isa = PBXFileReference; lastKnownFileType = text.plist.xml; path = Info.plist; sourceTree = "<group>"; };
		A5458D421EA3ED8F00B1E26A /* CoInQUITests.xctest */ = {isa = PBXFileReference; explicitFileType = wrapper.cfbundle; includeInIndex = 0; path = CoInQUITests.xctest; sourceTree = BUILT_PRODUCTS_DIR; };
		A5458D461EA3ED8F00B1E26A /* CoInQUITests.swift */ = {isa = PBXFileReference; lastKnownFileType = sourcecode.swift; path = CoInQUITests.swift; sourceTree = "<group>"; };
		A5458D481EA3ED8F00B1E26A /* Info.plist */ = {isa = PBXFileReference; lastKnownFileType = text.plist.xml; path = Info.plist; sourceTree = "<group>"; };
		A54EE15F1EAF703A0014994C /* GoogleService-Info.plist */ = {isa = PBXFileReference; fileEncoding = 4; lastKnownFileType = text.plist.xml; name = "GoogleService-Info.plist"; path = "../GoogleService-Info.plist"; sourceTree = "<group>"; };
		A54EE1611EAF71740014994C /* CoInQ.entitlements */ = {isa = PBXFileReference; lastKnownFileType = text.plist.entitlements; path = CoInQ.entitlements; sourceTree = "<group>"; };
		A54EE1621EAF87E50014994C /* Podfile */ = {isa = PBXFileReference; fileEncoding = 4; lastKnownFileType = text; path = Podfile; sourceTree = "<group>"; xcLanguageSpecificationIdentifier = xcode.lang.ruby; };
		A54EE1641EB1CE760014994C /* SignInViewController.swift */ = {isa = PBXFileReference; fileEncoding = 4; lastKnownFileType = sourcecode.swift; path = SignInViewController.swift; sourceTree = "<group>"; };
		A54EE1671EB1F15C0014994C /* StoreKit.framework */ = {isa = PBXFileReference; lastKnownFileType = wrapper.framework; name = StoreKit.framework; path = System/Library/Frameworks/StoreKit.framework; sourceTree = SDKROOT; };
		A54EE1691EB1F16C0014994C /* SystemConfiguration.framework */ = {isa = PBXFileReference; lastKnownFileType = wrapper.framework; name = SystemConfiguration.framework; path = System/Library/Frameworks/SystemConfiguration.framework; sourceTree = SDKROOT; };
		A54EE16B1EB1F17A0014994C /* AddressBook.framework */ = {isa = PBXFileReference; lastKnownFileType = wrapper.framework; name = AddressBook.framework; path = System/Library/Frameworks/AddressBook.framework; sourceTree = SDKROOT; };
		A54EE16D1EB1FB660014994C /* CoInQ-Bridging-Header.h */ = {isa = PBXFileReference; lastKnownFileType = sourcecode.c.h; path = "CoInQ-Bridging-Header.h"; sourceTree = "<group>"; };
		A55C4876204FE78D0034D7EF /* SearchUser.swift */ = {isa = PBXFileReference; fileEncoding = 4; lastKnownFileType = sourcecode.swift; path = SearchUser.swift; sourceTree = "<group>"; };
		A55C4878204FF2640034D7EF /* TableView_cellsearchuser.swift */ = {isa = PBXFileReference; fileEncoding = 4; lastKnownFileType = sourcecode.swift; path = TableView_cellsearchuser.swift; sourceTree = "<group>"; };
		A55C487A205AC8D70034D7EF /* TableView_cellcooperate.swift */ = {isa = PBXFileReference; fileEncoding = 4; lastKnownFileType = sourcecode.swift; path = TableView_cellcooperate.swift; sourceTree = "<group>"; };
		A56FF5E11F1B68BA00B072D5 /* TableView_cellvideotask.swift */ = {isa = PBXFileReference; fileEncoding = 4; lastKnownFileType = sourcecode.swift; path = TableView_cellvideotask.swift; sourceTree = "<group>"; };
		A58BC402207963D100C39615 /* AudioRecorderViewController.swift */ = {isa = PBXFileReference; fileEncoding = 4; lastKnownFileType = sourcecode.swift; path = AudioRecorderViewController.swift; sourceTree = "<group>"; };
		A58BC403207963D100C39615 /* AudioRecorderViewController.xib */ = {isa = PBXFileReference; fileEncoding = 4; lastKnownFileType = file.xib; path = AudioRecorderViewController.xib; sourceTree = "<group>"; };
		A59FA4AF1F6101990049EACD /* Helper_VC.swift */ = {isa = PBXFileReference; fileEncoding = 4; lastKnownFileType = sourcecode.swift; path = Helper_VC.swift; sourceTree = "<group>"; };
		A5A8963B1FFC8482006E85F4 /* TableNavigationController.swift */ = {isa = PBXFileReference; fileEncoding = 4; lastKnownFileType = sourcecode.swift; path = TableNavigationController.swift; sourceTree = "<group>"; };
		A5A8FFF01FE7A06100B1F958 /* CollectingStage.swift */ = {isa = PBXFileReference; fileEncoding = 4; lastKnownFileType = sourcecode.swift; path = CollectingStage.swift; sourceTree = "<group>"; };
		A5C945A21FFF7EAF001062FC /* TableViewCell_clip.swift */ = {isa = PBXFileReference; fileEncoding = 4; lastKnownFileType = sourcecode.swift; path = TableViewCell_clip.swift; sourceTree = "<group>"; };
		A5C945A31FFF7EAF001062FC /* TableViewCell_clip.xib */ = {isa = PBXFileReference; fileEncoding = 4; lastKnownFileType = file.xib; path = TableViewCell_clip.xib; sourceTree = "<group>"; };
		A5DE8D212085BCCD00DBCE0F /* sb1img.png */ = {isa = PBXFileReference; lastKnownFileType = image.png; path = sb1img.png; sourceTree = "<group>"; };
		A5DE8D222085BCCD00DBCE0F /* sb2img.png */ = {isa = PBXFileReference; lastKnownFileType = image.png; path = sb2img.png; sourceTree = "<group>"; };
		A5DF4CBF2060F4BA00975A3E /* TableViewCell_invite.swift */ = {isa = PBXFileReference; fileEncoding = 4; lastKnownFileType = sourcecode.swift; path = TableViewCell_invite.swift; sourceTree = "<group>"; };
		A5DF4CC02060F4BB00975A3E /* TableViewCell_invite.xib */ = {isa = PBXFileReference; fileEncoding = 4; lastKnownFileType = file.xib; path = TableViewCell_invite.xib; sourceTree = "<group>"; };
		A5E263101F1F473B00D1783D /* CoInQDataModel.xcdatamodel */ = {isa = PBXFileReference; lastKnownFileType = wrapper.xcdatamodel; path = CoInQDataModel.xcdatamodel; sourceTree = "<group>"; };
		A5E263121F1F533A00D1783D /* TableView_cellcompletevideo.swift */ = {isa = PBXFileReference; fileEncoding = 4; lastKnownFileType = sourcecode.swift; path = TableView_cellcompletevideo.swift; sourceTree = "<group>"; };
		BD697E120B541D4B03CDA8F0 /* Pods-CoInQ.release.xcconfig */ = {isa = PBXFileReference; includeInIndex = 1; lastKnownFileType = text.xcconfig; name = "Pods-CoInQ.release.xcconfig"; path = "Pods/Target Support Files/Pods-CoInQ/Pods-CoInQ.release.xcconfig"; sourceTree = "<group>"; };
/* End PBXFileReference section */

/* Begin PBXFrameworksBuildPhase section */
		A5458D201EA3ED8E00B1E26A /* Frameworks */ = {
			isa = PBXFrameworksBuildPhase;
			buildActionMask = 2147483647;
			files = (
				A504D1D81F0E8DD000C88D32 /* libsqlite3.tbd in Frameworks */,
				A54EE16C1EB1F17A0014994C /* AddressBook.framework in Frameworks */,
				A54EE16A1EB1F16C0014994C /* SystemConfiguration.framework in Frameworks */,
				A521ECF41ED6C96D0074327B /* AudioToolbox.framework in Frameworks */,
				A54EE1681EB1F15C0014994C /* StoreKit.framework in Frameworks */,
				07C9EB21E4E4CD15774D2C45 /* Pods_CoInQ.framework in Frameworks */,
			);
			runOnlyForDeploymentPostprocessing = 0;
		};
		A5458D341EA3ED8F00B1E26A /* Frameworks */ = {
			isa = PBXFrameworksBuildPhase;
			buildActionMask = 2147483647;
			files = (
			);
			runOnlyForDeploymentPostprocessing = 0;
		};
		A5458D3F1EA3ED8F00B1E26A /* Frameworks */ = {
			isa = PBXFrameworksBuildPhase;
			buildActionMask = 2147483647;
			files = (
			);
			runOnlyForDeploymentPostprocessing = 0;
		};
/* End PBXFrameworksBuildPhase section */

/* Begin PBXGroup section */
		20B74D405C443243416D62B2 /* Frameworks */ = {
			isa = PBXGroup;
			children = (
				A504D1D71F0E8DD000C88D32 /* libsqlite3.tbd */,
				A521ECF31ED6C96D0074327B /* AudioToolbox.framework */,
				A54EE16B1EB1F17A0014994C /* AddressBook.framework */,
				A54EE1691EB1F16C0014994C /* SystemConfiguration.framework */,
				A54EE1671EB1F15C0014994C /* StoreKit.framework */,
				66E544807D9724A13524E43A /* Pods_CoInQ.framework */,
			);
			name = Frameworks;
			sourceTree = "<group>";
		};
		90DBDCC543C9C1560EC73CFF /* Pods */ = {
			isa = PBXGroup;
			children = (
				79EC62984D5899DDF4022D5C /* Pods-CoInQ.debug.xcconfig */,
				BD697E120B541D4B03CDA8F0 /* Pods-CoInQ.release.xcconfig */,
			);
			name = Pods;
			sourceTree = "<group>";
		};
		A5458D1A1EA3ED8E00B1E26A = {
			isa = PBXGroup;
			children = (
				A54EE1621EAF87E50014994C /* Podfile */,
				A5458D251EA3ED8E00B1E26A /* CoInQ */,
				A5458D3A1EA3ED8F00B1E26A /* CoInQTests */,
				A5458D451EA3ED8F00B1E26A /* CoInQUITests */,
				A5458D241EA3ED8E00B1E26A /* Products */,
				90DBDCC543C9C1560EC73CFF /* Pods */,
				20B74D405C443243416D62B2 /* Frameworks */,
			);
			sourceTree = "<group>";
		};
		A5458D241EA3ED8E00B1E26A /* Products */ = {
			isa = PBXGroup;
			children = (
				A5458D231EA3ED8E00B1E26A /* CoInQ.app */,
				A5458D371EA3ED8F00B1E26A /* CoInQTests.xctest */,
				A5458D421EA3ED8F00B1E26A /* CoInQUITests.xctest */,
			);
			name = Products;
			sourceTree = "<group>";
		};
		A5458D251EA3ED8E00B1E26A /* CoInQ */ = {
			isa = PBXGroup;
			children = (
				A58BC402207963D100C39615 /* AudioRecorderViewController.swift */,
				A58BC403207963D100C39615 /* AudioRecorderViewController.xib */,
				A5458D261EA3ED8F00B1E26A /* AppDelegate.swift */,
				A54EE1641EB1CE760014994C /* SignInViewController.swift */,
				A51A8E011EB82E4400344F61 /* CSCL.swift */,
				A537AD121EC6EB1300B70596 /* ProjectViewController.swift */,
				A56FF5E11F1B68BA00B072D5 /* TableView_cellvideotask.swift */,
				A537AD141EC6EB6700B70596 /* InvitaionViewController.swift */,
				A55C487A205AC8D70034D7EF /* TableView_cellcooperate.swift */,
				A537AD161EC6EC2200B70596 /* CompeleteViewController.swift */,
				A5E263121F1F533A00D1783D /* TableView_cellcompletevideo.swift */,
				A59FA4AF1F6101990049EACD /* Helper_VC.swift */,
				A537AD101EC5B5BF00B70596 /* VideoTaskViewController.swift */,
				A537AD181EC6F8C100B70596 /* SelectVideoUpload_One_Two.swift */,
				A537AD1A1EC6FA5000B70596 /* SelectVideoUpload_Three_Four.swift */,
				A537AD1C1EC6FA7000B70596 /* SelectVideoUpload_Five_Six.swift */,
				A537AD1E1EC6FB3B00B70596 /* SelectVideoUpload_Seven_Eight.swift */,
				A537AD201EC6FB7C00B70596 /* SelectVideoUpload_Nine.swift */,
				A5A8FFF01FE7A06100B1F958 /* CollectingStage.swift */,
				A5C945A21FFF7EAF001062FC /* TableViewCell_clip.swift */,
				A5C945A31FFF7EAF001062FC /* TableViewCell_clip.xib */,
				A5DF4CBF2060F4BA00975A3E /* TableViewCell_invite.swift */,
				A5DF4CC02060F4BB00975A3E /* TableViewCell_invite.xib */,
				A5A8963B1FFC8482006E85F4 /* TableNavigationController.swift */,
				A55C4876204FE78D0034D7EF /* SearchUser.swift */,
				A55C4878204FF2640034D7EF /* TableView_cellsearchuser.swift */,
				A537AD0D1EC5A26100B70596 /* Main.storyboard */,
				A5DE8D212085BCCD00DBCE0F /* sb1img.png */,
				A5DE8D222085BCCD00DBCE0F /* sb2img.png */,
				A5458D2D1EA3ED8F00B1E26A /* Assets.xcassets */,
				A5458D2F1EA3ED8F00B1E26A /* LaunchScreen.storyboard */,
				A5E2630F1F1F473A00D1783D /* CoInQDataModel.xcdatamodeld */,
				A5458D321EA3ED8F00B1E26A /* Info.plist */,
				A54EE15F1EAF703A0014994C /* GoogleService-Info.plist */,
				A54EE1611EAF71740014994C /* CoInQ.entitlements */,
				A54EE16D1EB1FB660014994C /* CoInQ-Bridging-Header.h */,
			);
			path = CoInQ;
			sourceTree = "<group>";
		};
		A5458D3A1EA3ED8F00B1E26A /* CoInQTests */ = {
			isa = PBXGroup;
			children = (
				A5458D3B1EA3ED8F00B1E26A /* CoInQTests.swift */,
				A5458D3D1EA3ED8F00B1E26A /* Info.plist */,
			);
			path = CoInQTests;
			sourceTree = "<group>";
		};
		A5458D451EA3ED8F00B1E26A /* CoInQUITests */ = {
			isa = PBXGroup;
			children = (
				A5458D461EA3ED8F00B1E26A /* CoInQUITests.swift */,
				A5458D481EA3ED8F00B1E26A /* Info.plist */,
			);
			path = CoInQUITests;
			sourceTree = "<group>";
		};
/* End PBXGroup section */

/* Begin PBXNativeTarget section */
		A5458D221EA3ED8E00B1E26A /* CoInQ */ = {
			isa = PBXNativeTarget;
			buildConfigurationList = A5458D4B1EA3ED8F00B1E26A /* Build configuration list for PBXNativeTarget "CoInQ" */;
			buildPhases = (
				9626061C3BF65C02F00C4638 /* [CP] Check Pods Manifest.lock */,
				A5458D1F1EA3ED8E00B1E26A /* Sources */,
				A5458D201EA3ED8E00B1E26A /* Frameworks */,
				A5458D211EA3ED8E00B1E26A /* Resources */,
				E6CE9A3FD6C1F5D2E416D473 /* [CP] Embed Pods Frameworks */,
				18C787C80A3944DA5FADBEF0 /* [CP] Copy Pods Resources */,
			);
			buildRules = (
			);
			dependencies = (
			);
			name = CoInQ;
			productName = CoInQ;
			productReference = A5458D231EA3ED8E00B1E26A /* CoInQ.app */;
			productType = "com.apple.product-type.application";
		};
		A5458D361EA3ED8F00B1E26A /* CoInQTests */ = {
			isa = PBXNativeTarget;
			buildConfigurationList = A5458D4E1EA3ED8F00B1E26A /* Build configuration list for PBXNativeTarget "CoInQTests" */;
			buildPhases = (
				A5458D331EA3ED8F00B1E26A /* Sources */,
				A5458D341EA3ED8F00B1E26A /* Frameworks */,
				A5458D351EA3ED8F00B1E26A /* Resources */,
			);
			buildRules = (
			);
			dependencies = (
				A5458D391EA3ED8F00B1E26A /* PBXTargetDependency */,
			);
			name = CoInQTests;
			productName = CoInQTests;
			productReference = A5458D371EA3ED8F00B1E26A /* CoInQTests.xctest */;
			productType = "com.apple.product-type.bundle.unit-test";
		};
		A5458D411EA3ED8F00B1E26A /* CoInQUITests */ = {
			isa = PBXNativeTarget;
			buildConfigurationList = A5458D511EA3ED8F00B1E26A /* Build configuration list for PBXNativeTarget "CoInQUITests" */;
			buildPhases = (
				A5458D3E1EA3ED8F00B1E26A /* Sources */,
				A5458D3F1EA3ED8F00B1E26A /* Frameworks */,
				A5458D401EA3ED8F00B1E26A /* Resources */,
			);
			buildRules = (
			);
			dependencies = (
				A5458D441EA3ED8F00B1E26A /* PBXTargetDependency */,
			);
			name = CoInQUITests;
			productName = CoInQUITests;
			productReference = A5458D421EA3ED8F00B1E26A /* CoInQUITests.xctest */;
			productType = "com.apple.product-type.bundle.ui-testing";
		};
/* End PBXNativeTarget section */

/* Begin PBXProject section */
		A5458D1B1EA3ED8E00B1E26A /* Project object */ = {
			isa = PBXProject;
			attributes = {
				LastSwiftUpdateCheck = 0830;
				LastUpgradeCheck = 0830;
				ORGANIZATIONNAME = NTNUCSCL;
				TargetAttributes = {
					A5458D221EA3ED8E00B1E26A = {
						CreatedOnToolsVersion = 8.3.1;
						DevelopmentTeam = NVTJMDH877;
						LastSwiftMigration = 0830;
						ProvisioningStyle = Automatic;
						SystemCapabilities = {
							com.apple.InterAppAudio = {
								enabled = 1;
							};
							com.apple.Keychain = {
								enabled = 1;
							};
						};
					};
					A5458D361EA3ED8F00B1E26A = {
						CreatedOnToolsVersion = 8.3.1;
						DevelopmentTeam = QLYSAWM3X9;
						ProvisioningStyle = Automatic;
						TestTargetID = A5458D221EA3ED8E00B1E26A;
					};
					A5458D411EA3ED8F00B1E26A = {
						CreatedOnToolsVersion = 8.3.1;
						DevelopmentTeam = QLYSAWM3X9;
						ProvisioningStyle = Automatic;
						TestTargetID = A5458D221EA3ED8E00B1E26A;
					};
				};
			};
			buildConfigurationList = A5458D1E1EA3ED8E00B1E26A /* Build configuration list for PBXProject "CoInQ" */;
			compatibilityVersion = "Xcode 3.2";
			developmentRegion = English;
			hasScannedForEncodings = 0;
			knownRegions = (
				en,
				Base,
			);
			mainGroup = A5458D1A1EA3ED8E00B1E26A;
			productRefGroup = A5458D241EA3ED8E00B1E26A /* Products */;
			projectDirPath = "";
			projectRoot = "";
			targets = (
				A5458D221EA3ED8E00B1E26A /* CoInQ */,
				A5458D361EA3ED8F00B1E26A /* CoInQTests */,
				A5458D411EA3ED8F00B1E26A /* CoInQUITests */,
			);
		};
/* End PBXProject section */

/* Begin PBXResourcesBuildPhase section */
		A5458D211EA3ED8E00B1E26A /* Resources */ = {
			isa = PBXResourcesBuildPhase;
			buildActionMask = 2147483647;
			files = (
				A54EE1631EAF87E50014994C /* Podfile in Resources */,
				A5DE8D242085BCCD00DBCE0F /* sb2img.png in Resources */,
				A537AD0F1EC5A26100B70596 /* Main.storyboard in Resources */,
				A5458D311EA3ED8F00B1E26A /* LaunchScreen.storyboard in Resources */,
				A5458D2E1EA3ED8F00B1E26A /* Assets.xcassets in Resources */,
				A5DF4CC22060F4BB00975A3E /* TableViewCell_invite.xib in Resources */,
				A54EE1601EAF703A0014994C /* GoogleService-Info.plist in Resources */,
				A5C945A51FFF7EAF001062FC /* TableViewCell_clip.xib in Resources */,
				A58BC40720799EED00C39615 /* AudioRecorderViewController.xib in Resources */,
				A5DE8D232085BCCD00DBCE0F /* sb1img.png in Resources */,
			);
			runOnlyForDeploymentPostprocessing = 0;
		};
		A5458D351EA3ED8F00B1E26A /* Resources */ = {
			isa = PBXResourcesBuildPhase;
			buildActionMask = 2147483647;
			files = (
			);
			runOnlyForDeploymentPostprocessing = 0;
		};
		A5458D401EA3ED8F00B1E26A /* Resources */ = {
			isa = PBXResourcesBuildPhase;
			buildActionMask = 2147483647;
			files = (
			);
			runOnlyForDeploymentPostprocessing = 0;
		};
/* End PBXResourcesBuildPhase section */

/* Begin PBXShellScriptBuildPhase section */
		18C787C80A3944DA5FADBEF0 /* [CP] Copy Pods Resources */ = {
			isa = PBXShellScriptBuildPhase;
			buildActionMask = 2147483647;
			files = (
			);
			inputPaths = (
				"${SRCROOT}/Pods/Target Support Files/Pods-CoInQ/Pods-CoInQ-resources.sh",
				"${PODS_ROOT}/GoogleSignIn/Resources/GoogleSignIn.bundle",
			);
			name = "[CP] Copy Pods Resources";
			outputPaths = (
				"${TARGET_BUILD_DIR}/${UNLOCALIZED_RESOURCES_FOLDER_PATH}/GoogleSignIn.bundle",
			);
			runOnlyForDeploymentPostprocessing = 0;
			shellPath = /bin/sh;
			shellScript = "\"${SRCROOT}/Pods/Target Support Files/Pods-CoInQ/Pods-CoInQ-resources.sh\"\n";
			showEnvVarsInLog = 0;
		};
		9626061C3BF65C02F00C4638 /* [CP] Check Pods Manifest.lock */ = {
			isa = PBXShellScriptBuildPhase;
			buildActionMask = 2147483647;
			files = (
			);
			inputPaths = (
				"${PODS_PODFILE_DIR_PATH}/Podfile.lock",
				"${PODS_ROOT}/Manifest.lock",
			);
			name = "[CP] Check Pods Manifest.lock";
			outputPaths = (
				"$(DERIVED_FILE_DIR)/Pods-CoInQ-checkManifestLockResult.txt",
			);
			runOnlyForDeploymentPostprocessing = 0;
			shellPath = /bin/sh;
			shellScript = "diff \"${PODS_PODFILE_DIR_PATH}/Podfile.lock\" \"${PODS_ROOT}/Manifest.lock\" > /dev/null\nif [ $? != 0 ] ; then\n    # print error to STDERR\n    echo \"error: The sandbox is not in sync with the Podfile.lock. Run 'pod install' or update your CocoaPods installation.\" >&2\n    exit 1\nfi\n# This output is used by Xcode 'outputs' to avoid re-running this script phase.\necho \"SUCCESS\" > \"${SCRIPT_OUTPUT_FILE_0}\"\n";
			showEnvVarsInLog = 0;
		};
		E6CE9A3FD6C1F5D2E416D473 /* [CP] Embed Pods Frameworks */ = {
			isa = PBXShellScriptBuildPhase;
			buildActionMask = 2147483647;
			files = (
			);
			inputPaths = (
				"${SRCROOT}/Pods/Target Support Files/Pods-CoInQ/Pods-CoInQ-frameworks.sh",
				"${BUILT_PRODUCTS_DIR}/Alamofire/Alamofire.framework",
				"${BUILT_PRODUCTS_DIR}/GTMOAuth2/GTMOAuth2.framework",
				"${BUILT_PRODUCTS_DIR}/GTMSessionFetcher/GTMSessionFetcher.framework",
				"${BUILT_PRODUCTS_DIR}/GoogleToolboxForMac/GoogleToolboxForMac.framework",
				"${BUILT_PRODUCTS_DIR}/MPCoachMarks/MPCoachMarks.framework",
				"${BUILT_PRODUCTS_DIR}/SwiftyJSON/SwiftyJSON.framework",
			);
			name = "[CP] Embed Pods Frameworks";
			outputPaths = (
				"${TARGET_BUILD_DIR}/${FRAMEWORKS_FOLDER_PATH}/Alamofire.framework",
				"${TARGET_BUILD_DIR}/${FRAMEWORKS_FOLDER_PATH}/GTMOAuth2.framework",
				"${TARGET_BUILD_DIR}/${FRAMEWORKS_FOLDER_PATH}/GTMSessionFetcher.framework",
				"${TARGET_BUILD_DIR}/${FRAMEWORKS_FOLDER_PATH}/GoogleToolboxForMac.framework",
				"${TARGET_BUILD_DIR}/${FRAMEWORKS_FOLDER_PATH}/MPCoachMarks.framework",
				"${TARGET_BUILD_DIR}/${FRAMEWORKS_FOLDER_PATH}/SwiftyJSON.framework",
			);
			runOnlyForDeploymentPostprocessing = 0;
			shellPath = /bin/sh;
			shellScript = "\"${SRCROOT}/Pods/Target Support Files/Pods-CoInQ/Pods-CoInQ-frameworks.sh\"\n";
			showEnvVarsInLog = 0;
		};
/* End PBXShellScriptBuildPhase section */

/* Begin PBXSourcesBuildPhase section */
		A5458D1F1EA3ED8E00B1E26A /* Sources */ = {
			isa = PBXSourcesBuildPhase;
			buildActionMask = 2147483647;
			files = (
				A537AD111EC5B5BF00B70596 /* VideoTaskViewController.swift in Sources */,
				A5E263131F1F533A00D1783D /* TableView_cellcompletevideo.swift in Sources */,
				A537AD1F1EC6FB3B00B70596 /* SelectVideoUpload_Seven_Eight.swift in Sources */,
				A537AD131EC6EB1300B70596 /* ProjectViewController.swift in Sources */,
				A5458D271EA3ED8F00B1E26A /* AppDelegate.swift in Sources */,
				A537AD151EC6EB6700B70596 /* InvitaionViewController.swift in Sources */,
				A55C4879204FF2640034D7EF /* TableView_cellsearchuser.swift in Sources */,
				A58BC404207963D100C39615 /* AudioRecorderViewController.swift in Sources */,
				A537AD171EC6EC2200B70596 /* CompeleteViewController.swift in Sources */,
				A537AD211EC6FB7C00B70596 /* SelectVideoUpload_Nine.swift in Sources */,
				A5E263111F1F473B00D1783D /* CoInQDataModel.xcdatamodeld in Sources */,
				A55C4877204FE78D0034D7EF /* SearchUser.swift in Sources */,
				A537AD1D1EC6FA7000B70596 /* SelectVideoUpload_Five_Six.swift in Sources */,
				A56FF5E21F1B68BB00B072D5 /* TableView_cellvideotask.swift in Sources */,
				A51A8E021EB82E4400344F61 /* CSCL.swift in Sources */,
				A537AD191EC6F8C100B70596 /* SelectVideoUpload_One_Two.swift in Sources */,
				A54EE1651EB1CE760014994C /* SignInViewController.swift in Sources */,
				A537AD1B1EC6FA5100B70596 /* SelectVideoUpload_Three_Four.swift in Sources */,
				A5DF4CC12060F4BB00975A3E /* TableViewCell_invite.swift in Sources */,
				A5A8963C1FFC8482006E85F4 /* TableNavigationController.swift in Sources */,
				A5A8FFF11FE7A06100B1F958 /* CollectingStage.swift in Sources */,
				A55C487B205AC8D80034D7EF /* TableView_cellcooperate.swift in Sources */,
				A5C945A41FFF7EAF001062FC /* TableViewCell_clip.swift in Sources */,
				A59FA4B01F6101990049EACD /* Helper_VC.swift in Sources */,
			);
			runOnlyForDeploymentPostprocessing = 0;
		};
		A5458D331EA3ED8F00B1E26A /* Sources */ = {
			isa = PBXSourcesBuildPhase;
			buildActionMask = 2147483647;
			files = (
				A5458D3C1EA3ED8F00B1E26A /* CoInQTests.swift in Sources */,
			);
			runOnlyForDeploymentPostprocessing = 0;
		};
		A5458D3E1EA3ED8F00B1E26A /* Sources */ = {
			isa = PBXSourcesBuildPhase;
			buildActionMask = 2147483647;
			files = (
				A5458D471EA3ED8F00B1E26A /* CoInQUITests.swift in Sources */,
			);
			runOnlyForDeploymentPostprocessing = 0;
		};
/* End PBXSourcesBuildPhase section */

/* Begin PBXTargetDependency section */
		A5458D391EA3ED8F00B1E26A /* PBXTargetDependency */ = {
			isa = PBXTargetDependency;
			target = A5458D221EA3ED8E00B1E26A /* CoInQ */;
			targetProxy = A5458D381EA3ED8F00B1E26A /* PBXContainerItemProxy */;
		};
		A5458D441EA3ED8F00B1E26A /* PBXTargetDependency */ = {
			isa = PBXTargetDependency;
			target = A5458D221EA3ED8E00B1E26A /* CoInQ */;
			targetProxy = A5458D431EA3ED8F00B1E26A /* PBXContainerItemProxy */;
		};
/* End PBXTargetDependency section */

/* Begin PBXVariantGroup section */
		A537AD0D1EC5A26100B70596 /* Main.storyboard */ = {
			isa = PBXVariantGroup;
			children = (
				A537AD0E1EC5A26100B70596 /* Base */,
			);
			name = Main.storyboard;
			sourceTree = "<group>";
		};
		A5458D2F1EA3ED8F00B1E26A /* LaunchScreen.storyboard */ = {
			isa = PBXVariantGroup;
			children = (
				A5458D301EA3ED8F00B1E26A /* Base */,
			);
			name = LaunchScreen.storyboard;
			sourceTree = "<group>";
		};
/* End PBXVariantGroup section */

/* Begin XCBuildConfiguration section */
		A5458D491EA3ED8F00B1E26A /* Debug */ = {
			isa = XCBuildConfiguration;
			buildSettings = {
				ALWAYS_SEARCH_USER_PATHS = NO;
				CLANG_ANALYZER_NONNULL = YES;
				CLANG_ANALYZER_NUMBER_OBJECT_CONVERSION = YES_AGGRESSIVE;
				CLANG_CXX_LANGUAGE_STANDARD = "gnu++0x";
				CLANG_CXX_LIBRARY = "libc++";
				CLANG_ENABLE_MODULES = YES;
				CLANG_ENABLE_OBJC_ARC = YES;
				CLANG_WARN_BOOL_CONVERSION = YES;
				CLANG_WARN_CONSTANT_CONVERSION = YES;
				CLANG_WARN_DIRECT_OBJC_ISA_USAGE = YES_ERROR;
				CLANG_WARN_DOCUMENTATION_COMMENTS = YES;
				CLANG_WARN_EMPTY_BODY = YES;
				CLANG_WARN_ENUM_CONVERSION = YES;
				CLANG_WARN_INFINITE_RECURSION = YES;
				CLANG_WARN_INT_CONVERSION = YES;
				CLANG_WARN_OBJC_ROOT_CLASS = YES_ERROR;
				CLANG_WARN_SUSPICIOUS_MOVE = YES;
				CLANG_WARN_UNREACHABLE_CODE = YES;
				CLANG_WARN__DUPLICATE_METHOD_MATCH = YES;
				"CODE_SIGN_IDENTITY[sdk=*]" = "iPhone Developer";
				COPY_PHASE_STRIP = NO;
				DEBUG_INFORMATION_FORMAT = dwarf;
				DEVELOPMENT_TEAM = QLYSAWM3X9;
				ENABLE_STRICT_OBJC_MSGSEND = YES;
				ENABLE_TESTABILITY = YES;
				GCC_C_LANGUAGE_STANDARD = gnu99;
				GCC_DYNAMIC_NO_PIC = NO;
				GCC_NO_COMMON_BLOCKS = YES;
				GCC_OPTIMIZATION_LEVEL = 0;
				GCC_PREPROCESSOR_DEFINITIONS = (
					"DEBUG=1",
					"$(inherited)",
				);
				GCC_WARN_64_TO_32_BIT_CONVERSION = YES;
				GCC_WARN_ABOUT_RETURN_TYPE = YES_ERROR;
				GCC_WARN_UNDECLARED_SELECTOR = YES;
				GCC_WARN_UNINITIALIZED_AUTOS = YES_AGGRESSIVE;
				GCC_WARN_UNUSED_FUNCTION = YES;
				GCC_WARN_UNUSED_VARIABLE = YES;
				IPHONEOS_DEPLOYMENT_TARGET = 10.1;
				MTL_ENABLE_DEBUG_INFO = YES;
				ONLY_ACTIVE_ARCH = YES;
				SDKROOT = iphoneos;
				SWIFT_ACTIVE_COMPILATION_CONDITIONS = DEBUG;
				SWIFT_OPTIMIZATION_LEVEL = "-Onone";
				TARGETED_DEVICE_FAMILY = 2;
			};
			name = Debug;
		};
		A5458D4A1EA3ED8F00B1E26A /* Release */ = {
			isa = XCBuildConfiguration;
			buildSettings = {
				ALWAYS_SEARCH_USER_PATHS = NO;
				CLANG_ANALYZER_NONNULL = YES;
				CLANG_ANALYZER_NUMBER_OBJECT_CONVERSION = YES_AGGRESSIVE;
				CLANG_CXX_LANGUAGE_STANDARD = "gnu++0x";
				CLANG_CXX_LIBRARY = "libc++";
				CLANG_ENABLE_MODULES = YES;
				CLANG_ENABLE_OBJC_ARC = YES;
				CLANG_WARN_BOOL_CONVERSION = YES;
				CLANG_WARN_CONSTANT_CONVERSION = YES;
				CLANG_WARN_DIRECT_OBJC_ISA_USAGE = YES_ERROR;
				CLANG_WARN_DOCUMENTATION_COMMENTS = YES;
				CLANG_WARN_EMPTY_BODY = YES;
				CLANG_WARN_ENUM_CONVERSION = YES;
				CLANG_WARN_INFINITE_RECURSION = YES;
				CLANG_WARN_INT_CONVERSION = YES;
				CLANG_WARN_OBJC_ROOT_CLASS = YES_ERROR;
				CLANG_WARN_SUSPICIOUS_MOVE = YES;
				CLANG_WARN_UNREACHABLE_CODE = YES;
				CLANG_WARN__DUPLICATE_METHOD_MATCH = YES;
				"CODE_SIGN_IDENTITY[sdk=iphoneos*]" = "iPhone Developer";
				COPY_PHASE_STRIP = NO;
				DEBUG_INFORMATION_FORMAT = "dwarf-with-dsym";
				DEVELOPMENT_TEAM = QLYSAWM3X9;
				ENABLE_NS_ASSERTIONS = NO;
				ENABLE_STRICT_OBJC_MSGSEND = YES;
				GCC_C_LANGUAGE_STANDARD = gnu99;
				GCC_NO_COMMON_BLOCKS = YES;
				GCC_WARN_64_TO_32_BIT_CONVERSION = YES;
				GCC_WARN_ABOUT_RETURN_TYPE = YES_ERROR;
				GCC_WARN_UNDECLARED_SELECTOR = YES;
				GCC_WARN_UNINITIALIZED_AUTOS = YES_AGGRESSIVE;
				GCC_WARN_UNUSED_FUNCTION = YES;
				GCC_WARN_UNUSED_VARIABLE = YES;
				IPHONEOS_DEPLOYMENT_TARGET = 10.1;
				MTL_ENABLE_DEBUG_INFO = NO;
				SDKROOT = iphoneos;
				SWIFT_OPTIMIZATION_LEVEL = "-Owholemodule";
				TARGETED_DEVICE_FAMILY = 2;
				VALIDATE_PRODUCT = YES;
			};
			name = Release;
		};
		A5458D4C1EA3ED8F00B1E26A /* Debug */ = {
			isa = XCBuildConfiguration;
			baseConfigurationReference = 79EC62984D5899DDF4022D5C /* Pods-CoInQ.debug.xcconfig */;
			buildSettings = {
				ASSETCATALOG_COMPILER_APPICON_NAME = AppIcon;
				CLANG_ENABLE_MODULES = YES;
				CODE_SIGN_ENTITLEMENTS = CoInQ/CoInQ.entitlements;
				"CODE_SIGN_IDENTITY[sdk=iphoneos*]" = "iPhone Developer";
				DEVELOPMENT_TEAM = NVTJMDH877;
				INFOPLIST_FILE = CoInQ/Info.plist;
				IPHONEOS_DEPLOYMENT_TARGET = 10.1;
				LD_RUNPATH_SEARCH_PATHS = "$(inherited) @executable_path/Frameworks";
				OTHER_LDFLAGS = (
					"$(inherited)",
					"-ObjC",
					"-l\"c++\"",
					"-l\"sqlite3\"",
					"-l\"stdc++\"",
					"-l\"z\"",
					"-framework",
					"\"AddressBook\"",
					"-framework",
					"\"Alamofire\"",
					"-framework",
					"\"AssetsLibrary\"",
					"-framework",
					"\"CoreFoundation\"",
					"-framework",
					"\"CoreLocation\"",
					"-framework",
					"\"CoreMotion\"",
					"-framework",
					"\"CoreText\"",
					"-framework",
					"\"FirebaseAnalytics\"",
					"-framework",
					"\"FirebaseCore\"",
					"-framework",
					"\"FirebaseInstanceID\"",
					"-framework",
					"\"GGLCore\"",
					"-framework",
					"\"GGLSignIn\"",
					"-framework",
					"\"GTMOAuth2\"",
					"-framework",
					"\"GTMSessionFetcher\"",
					"-framework",
					"\"GoogleSignIn\"",
					"-framework",
					"\"GoogleToolboxForMac\"",
					"-framework",
					"\"MessageUI\"",
					"-framework",
					"\"SafariServices\"",
					"-framework",
					"\"Security\"",
					"-framework",
					"\"StoreKit\"",
					"-framework",
					"\"SwiftyJSON\"",
					"-framework",
					"\"SystemConfiguration\"",
					"-w",
				);
				PRODUCT_BUNDLE_IDENTIFIER = edu.self8.CoInQ;
				PRODUCT_NAME = "$(TARGET_NAME)";
				PROVISIONING_PROFILE = "";
				PROVISIONING_PROFILE_SPECIFIER = "";
				SWIFT_OBJC_BRIDGING_HEADER = "CoInQ/CoInQ-Bridging-Header.h";
				SWIFT_OPTIMIZATION_LEVEL = "-Onone";
				SWIFT_VERSION = 3.0;
				TARGETED_DEVICE_FAMILY = "1,2";
			};
			name = Debug;
		};
		A5458D4D1EA3ED8F00B1E26A /* Release */ = {
			isa = XCBuildConfiguration;
			baseConfigurationReference = BD697E120B541D4B03CDA8F0 /* Pods-CoInQ.release.xcconfig */;
			buildSettings = {
				ASSETCATALOG_COMPILER_APPICON_NAME = AppIcon;
				CLANG_ENABLE_MODULES = YES;
				CODE_SIGN_ENTITLEMENTS = CoInQ/CoInQ.entitlements;
				"CODE_SIGN_IDENTITY[sdk=iphoneos*]" = "iPhone Developer";
				DEVELOPMENT_TEAM = NVTJMDH877;
				INFOPLIST_FILE = CoInQ/Info.plist;
				IPHONEOS_DEPLOYMENT_TARGET = 10.1;
				LD_RUNPATH_SEARCH_PATHS = "$(inherited) @executable_path/Frameworks";
				OTHER_LDFLAGS = (
					"$(inherited)",
					"-ObjC",
					"-l\"c++\"",
					"-l\"sqlite3\"",
					"-l\"stdc++\"",
					"-l\"z\"",
					"-framework",
					"\"AddressBook\"",
					"-framework",
					"\"Alamofire\"",
					"-framework",
					"\"AssetsLibrary\"",
					"-framework",
					"\"CoreFoundation\"",
					"-framework",
					"\"CoreLocation\"",
					"-framework",
					"\"CoreMotion\"",
					"-framework",
					"\"CoreText\"",
					"-framework",
					"\"FirebaseAnalytics\"",
					"-framework",
					"\"FirebaseCore\"",
					"-framework",
					"\"FirebaseInstanceID\"",
					"-framework",
					"\"GGLCore\"",
					"-framework",
					"\"GGLSignIn\"",
					"-framework",
					"\"GTMOAuth2\"",
					"-framework",
					"\"GTMSessionFetcher\"",
					"-framework",
					"\"GoogleSignIn\"",
					"-framework",
					"\"GoogleToolboxForMac\"",
					"-framework",
					"\"MessageUI\"",
					"-framework",
					"\"SafariServices\"",
					"-framework",
					"\"Security\"",
					"-framework",
					"\"StoreKit\"",
					"-framework",
					"\"SwiftyJSON\"",
					"-framework",
					"\"SystemConfiguration\"",
					"-w",
				);
				PRODUCT_BUNDLE_IDENTIFIER = edu.self8.CoInQ;
				PRODUCT_NAME = "$(TARGET_NAME)";
				PROVISIONING_PROFILE = "";
				PROVISIONING_PROFILE_SPECIFIER = "";
				SWIFT_OBJC_BRIDGING_HEADER = "CoInQ/CoInQ-Bridging-Header.h";
				SWIFT_VERSION = 3.0;
				TARGETED_DEVICE_FAMILY = "1,2";
			};
			name = Release;
		};
		A5458D4F1EA3ED8F00B1E26A /* Debug */ = {
			isa = XCBuildConfiguration;
			buildSettings = {
				ALWAYS_EMBED_SWIFT_STANDARD_LIBRARIES = YES;
				BUNDLE_LOADER = "$(TEST_HOST)";
				INFOPLIST_FILE = CoInQTests/Info.plist;
				LD_RUNPATH_SEARCH_PATHS = "$(inherited) @executable_path/Frameworks @loader_path/Frameworks";
				PRODUCT_BUNDLE_IDENTIFIER = edu.self.CoInQTests;
				PRODUCT_NAME = "$(TARGET_NAME)";
				SWIFT_VERSION = 3.0;
				TEST_HOST = "$(BUILT_PRODUCTS_DIR)/CoInQ.app/CoInQ";
			};
			name = Debug;
		};
		A5458D501EA3ED8F00B1E26A /* Release */ = {
			isa = XCBuildConfiguration;
			buildSettings = {
				ALWAYS_EMBED_SWIFT_STANDARD_LIBRARIES = YES;
				BUNDLE_LOADER = "$(TEST_HOST)";
				INFOPLIST_FILE = CoInQTests/Info.plist;
				LD_RUNPATH_SEARCH_PATHS = "$(inherited) @executable_path/Frameworks @loader_path/Frameworks";
				PRODUCT_BUNDLE_IDENTIFIER = edu.self.CoInQTests;
				PRODUCT_NAME = "$(TARGET_NAME)";
				SWIFT_VERSION = 3.0;
				TEST_HOST = "$(BUILT_PRODUCTS_DIR)/CoInQ.app/CoInQ";
			};
			name = Release;
		};
		A5458D521EA3ED8F00B1E26A /* Debug */ = {
			isa = XCBuildConfiguration;
			buildSettings = {
				ALWAYS_EMBED_SWIFT_STANDARD_LIBRARIES = YES;
				INFOPLIST_FILE = CoInQUITests/Info.plist;
				LD_RUNPATH_SEARCH_PATHS = "$(inherited) @executable_path/Frameworks @loader_path/Frameworks";
				PRODUCT_BUNDLE_IDENTIFIER = edu.self.CoInQUITests;
				PRODUCT_NAME = "$(TARGET_NAME)";
				SWIFT_VERSION = 3.0;
				TEST_TARGET_NAME = CoInQ;
			};
			name = Debug;
		};
		A5458D531EA3ED8F00B1E26A /* Release */ = {
			isa = XCBuildConfiguration;
			buildSettings = {
				ALWAYS_EMBED_SWIFT_STANDARD_LIBRARIES = YES;
				INFOPLIST_FILE = CoInQUITests/Info.plist;
				LD_RUNPATH_SEARCH_PATHS = "$(inherited) @executable_path/Frameworks @loader_path/Frameworks";
				PRODUCT_BUNDLE_IDENTIFIER = edu.self.CoInQUITests;
				PRODUCT_NAME = "$(TARGET_NAME)";
				SWIFT_VERSION = 3.0;
				TEST_TARGET_NAME = CoInQ;
			};
			name = Release;
		};
/* End XCBuildConfiguration section */

/* Begin XCConfigurationList section */
		A5458D1E1EA3ED8E00B1E26A /* Build configuration list for PBXProject "CoInQ" */ = {
			isa = XCConfigurationList;
			buildConfigurations = (
				A5458D491EA3ED8F00B1E26A /* Debug */,
				A5458D4A1EA3ED8F00B1E26A /* Release */,
			);
			defaultConfigurationIsVisible = 0;
			defaultConfigurationName = Release;
		};
		A5458D4B1EA3ED8F00B1E26A /* Build configuration list for PBXNativeTarget "CoInQ" */ = {
			isa = XCConfigurationList;
			buildConfigurations = (
				A5458D4C1EA3ED8F00B1E26A /* Debug */,
				A5458D4D1EA3ED8F00B1E26A /* Release */,
			);
			defaultConfigurationIsVisible = 0;
			defaultConfigurationName = Release;
		};
		A5458D4E1EA3ED8F00B1E26A /* Build configuration list for PBXNativeTarget "CoInQTests" */ = {
			isa = XCConfigurationList;
			buildConfigurations = (
				A5458D4F1EA3ED8F00B1E26A /* Debug */,
				A5458D501EA3ED8F00B1E26A /* Release */,
			);
			defaultConfigurationIsVisible = 0;
			defaultConfigurationName = Release;
		};
		A5458D511EA3ED8F00B1E26A /* Build configuration list for PBXNativeTarget "CoInQUITests" */ = {
			isa = XCConfigurationList;
			buildConfigurations = (
				A5458D521EA3ED8F00B1E26A /* Debug */,
				A5458D531EA3ED8F00B1E26A /* Release */,
			);
			defaultConfigurationIsVisible = 0;
			defaultConfigurationName = Release;
		};
/* End XCConfigurationList section */

/* Begin XCVersionGroup section */
		A5E2630F1F1F473A00D1783D /* CoInQDataModel.xcdatamodeld */ = {
			isa = XCVersionGroup;
			children = (
				A5E263101F1F473B00D1783D /* CoInQDataModel.xcdatamodel */,
			);
			currentVersion = A5E263101F1F473B00D1783D /* CoInQDataModel.xcdatamodel */;
			path = CoInQDataModel.xcdatamodeld;
			sourceTree = "<group>";
			versionGroupType = wrapper.xcdatamodel;
		};
/* End XCVersionGroup section */
	};
	rootObject = A5458D1B1EA3ED8E00B1E26A /* Project object */;
}
